// !$*UTF8*$!
{
	archiveVersion = 1;
	classes = {
	};
	objectVersion = 46;
	objects = {

/* Begin PBXBuildFile section */
		AB2612271A27F0BA0050B3AA /* dds.m in Sources */ = {isa = PBXBuildFile; fileRef = ABF5B48C1A2531E40017F8E9 /* dds.m */; };
		AB36E9991A2E91BE00862ADF /* schema.xml in Resources */ = {isa = PBXBuildFile; fileRef = AB36E9971A2E91A100862ADF /* schema.xml */; };
		AB36E99C1A2EBF2500862ADF /* schema.strings in Resources */ = {isa = PBXBuildFile; fileRef = AB36E99A1A2EBF2500862ADF /* schema.strings */; };
		AB8A4A251A22DF1D002E5A59 /* GetMetadataForFile.m in Sources */ = {isa = PBXBuildFile; fileRef = AB8A4A221A22DF1D002E5A59 /* GetMetadataForFile.m */; };
		AB8A4A271A22DF1D002E5A59 /* main.c in Sources */ = {isa = PBXBuildFile; fileRef = AB8A4A241A22DF1D002E5A59 /* main.c */; };
		ABAB4A381A238A7B00B1BD18 /* GenerateThumbnailForURL.m in Sources */ = {isa = PBXBuildFile; fileRef = AB8A4A2E1A22DFB6002E5A59 /* GenerateThumbnailForURL.m */; };
		ABAB4A391A238A8000B1BD18 /* main.c in Sources */ = {isa = PBXBuildFile; fileRef = AB8A4A301A22DFB6002E5A59 /* main.c */; };
		ABAB4A3A1A238A8400B1BD18 /* GeneratePreviewForURL.m in Sources */ = {isa = PBXBuildFile; fileRef = AB8A4A2D1A22DFB6002E5A59 /* GeneratePreviewForURL.m */; };
		ABD434BF1A2D6AF900ED8B26 /* QuickLook.framework in Frameworks */ = {isa = PBXBuildFile; fileRef = AB8A4AA41A22FBB0002E5A59 /* QuickLook.framework */; };
		ABD434C91A2D6CF700ED8B26 /* ApplicationServices.framework in Frameworks */ = {isa = PBXBuildFile; fileRef = AB8A4AD81A22FD09002E5A59 /* ApplicationServices.framework */; };
		ABD434CA1A2D6CFF00ED8B26 /* Foundation.framework in Frameworks */ = {isa = PBXBuildFile; fileRef = AB60480E1A2691E900D39FDE /* Foundation.framework */; };
		ABD434CB1A2D6D1600ED8B26 /* CoreFoundation.framework in Frameworks */ = {isa = PBXBuildFile; fileRef = AB8A4A961A22FAED002E5A59 /* CoreFoundation.framework */; };
		ABD434CF1A2D6DA600ED8B26 /* ApplicationServices.framework in Frameworks */ = {isa = PBXBuildFile; fileRef = AB8A4AD81A22FD09002E5A59 /* ApplicationServices.framework */; };
		ABD434D01A2D6DE800ED8B26 /* Foundation.framework in Frameworks */ = {isa = PBXBuildFile; fileRef = AB60480E1A2691E900D39FDE /* Foundation.framework */; };
		ABD434D21A2D6DF400ED8B26 /* CoreFoundation.framework in Frameworks */ = {isa = PBXBuildFile; fileRef = AB8A4A961A22FAED002E5A59 /* CoreFoundation.framework */; };
		ABD434D41A2D726A00ED8B26 /* CoreServices.framework in Frameworks */ = {isa = PBXBuildFile; fileRef = ABD434D31A2D726A00ED8B26 /* CoreServices.framework */; };
		ABD435011A2E44B600ED8B26 /* QLdds in CopyFiles */ = {isa = PBXBuildFile; fileRef = ABD434D71A2E3FED00ED8B26 /* QLdds */; };
		ABF5B48E1A2531E40017F8E9 /* dds.m in Sources */ = {isa = PBXBuildFile; fileRef = ABF5B48C1A2531E40017F8E9 /* dds.m */; };
/* End PBXBuildFile section */

/* Begin PBXContainerItemProxy section */
		ABD434FC1A2E448A00ED8B26 /* PBXContainerItemProxy */ = {
			isa = PBXContainerItemProxy;
			containerPortal = AB8A49DC1A22DBE7002E5A59 /* Project object */;
			proxyType = 1;
			remoteGlobalIDString = AB8A4A091A22DD6B002E5A59;
			remoteInfo = mdimporter;
		};
		ABD434FE1A2E448A00ED8B26 /* PBXContainerItemProxy */ = {
			isa = PBXContainerItemProxy;
			containerPortal = AB8A49DC1A22DBE7002E5A59 /* Project object */;
			proxyType = 1;
			remoteGlobalIDString = ABAB4A301A23898A00B1BD18;
			remoteInfo = qlgenerator;
		};
/* End PBXContainerItemProxy section */

/* Begin PBXCopyFilesBuildPhase section */
		ABD435001A2E44AC00ED8B26 /* CopyFiles */ = {
			isa = PBXCopyFilesBuildPhase;
			buildActionMask = 2147483647;
			dstPath = "";
			dstSubfolderSpec = 6;
			files = (
				ABD435011A2E44B600ED8B26 /* QLdds in CopyFiles */,
			);
			runOnlyForDeploymentPostprocessing = 0;
		};
/* End PBXCopyFilesBuildPhase section */

/* Begin PBXFileReference section */
		AB36E9971A2E91A100862ADF /* schema.xml */ = {isa = PBXFileReference; fileEncoding = 4; lastKnownFileType = text.xml; path = schema.xml; sourceTree = "<group>"; };
		AB36E99B1A2EBF2500862ADF /* en */ = {isa = PBXFileReference; lastKnownFileType = text.plist.strings; name = en; path = en.lproj/schema.strings; sourceTree = "<group>"; };
		AB60480E1A2691E900D39FDE /* Foundation.framework */ = {isa = PBXFileReference; lastKnownFileType = wrapper.framework; name = Foundation.framework; path = System/Library/Frameworks/Foundation.framework; sourceTree = SDKROOT; };
		AB8A4A0A1A22DD6B002E5A59 /* DDS.mdimporter */ = {isa = PBXFileReference; explicitFileType = wrapper.cfbundle; includeInIndex = 0; path = DDS.mdimporter; sourceTree = BUILT_PRODUCTS_DIR; };
		AB8A4A221A22DF1D002E5A59 /* GetMetadataForFile.m */ = {isa = PBXFileReference; fileEncoding = 4; lastKnownFileType = sourcecode.c.objc; path = GetMetadataForFile.m; sourceTree = "<group>"; };
		AB8A4A231A22DF1D002E5A59 /* Info.plist */ = {isa = PBXFileReference; fileEncoding = 4; lastKnownFileType = text.plist.xml; path = Info.plist; sourceTree = "<group>"; };
		AB8A4A241A22DF1D002E5A59 /* main.c */ = {isa = PBXFileReference; fileEncoding = 4; lastKnownFileType = sourcecode.c.c; path = main.c; sourceTree = "<group>"; };
		AB8A4A2D1A22DFB6002E5A59 /* GeneratePreviewForURL.m */ = {isa = PBXFileReference; fileEncoding = 4; lastKnownFileType = sourcecode.c.objc; path = GeneratePreviewForURL.m; sourceTree = "<group>"; };
		AB8A4A2E1A22DFB6002E5A59 /* GenerateThumbnailForURL.m */ = {isa = PBXFileReference; fileEncoding = 4; lastKnownFileType = sourcecode.c.objc; path = GenerateThumbnailForURL.m; sourceTree = "<group>"; };
		AB8A4A2F1A22DFB6002E5A59 /* Info.plist */ = {isa = PBXFileReference; fileEncoding = 4; lastKnownFileType = text.plist.xml; path = Info.plist; sourceTree = "<group>"; };
		AB8A4A301A22DFB6002E5A59 /* main.c */ = {isa = PBXFileReference; fileEncoding = 4; lastKnownFileType = sourcecode.c.c; path = main.c; sourceTree = "<group>"; };
		AB8A4A961A22FAED002E5A59 /* CoreFoundation.framework */ = {isa = PBXFileReference; lastKnownFileType = wrapper.framework; name = CoreFoundation.framework; path = System/Library/Frameworks/CoreFoundation.framework; sourceTree = SDKROOT; };
		AB8A4AA41A22FBB0002E5A59 /* QuickLook.framework */ = {isa = PBXFileReference; lastKnownFileType = wrapper.framework; name = QuickLook.framework; path = System/Library/Frameworks/QuickLook.framework; sourceTree = SDKROOT; };
		AB8A4AD81A22FD09002E5A59 /* ApplicationServices.framework */ = {isa = PBXFileReference; lastKnownFileType = wrapper.framework; name = ApplicationServices.framework; path = System/Library/Frameworks/ApplicationServices.framework; sourceTree = SDKROOT; };
		ABAB4A311A23898A00B1BD18 /* QLdds.qlgenerator */ = {isa = PBXFileReference; explicitFileType = wrapper.cfbundle; includeInIndex = 0; path = QLdds.qlgenerator; sourceTree = BUILT_PRODUCTS_DIR; };
		ABD434D31A2D726A00ED8B26 /* CoreServices.framework */ = {isa = PBXFileReference; lastKnownFileType = wrapper.framework; name = CoreServices.framework; path = System/Library/Frameworks/CoreServices.framework; sourceTree = SDKROOT; };
		ABD434D61A2E3FED00ED8B26 /* Info.plist */ = {isa = PBXFileReference; lastKnownFileType = text.plist.xml; path = Info.plist; sourceTree = "<group>"; };
		ABD434D71A2E3FED00ED8B26 /* QLdds */ = {isa = PBXFileReference; lastKnownFileType = text.script.sh; path = QLdds; sourceTree = "<group>"; };
		ABD434DC1A2E406E00ED8B26 /* QLdds.app */ = {isa = PBXFileReference; explicitFileType = wrapper.application; includeInIndex = 0; path = QLdds.app; sourceTree = BUILT_PRODUCTS_DIR; };
		ABF5B48C1A2531E40017F8E9 /* dds.m */ = {isa = PBXFileReference; fileEncoding = 4; lastKnownFileType = sourcecode.c.objc; path = dds.m; sourceTree = "<group>"; };
		ABF5B48D1A2531E40017F8E9 /* dds.h */ = {isa = PBXFileReference; fileEncoding = 4; lastKnownFileType = sourcecode.c.h; path = dds.h; sourceTree = "<group>"; };
/* End PBXFileReference section */

/* Begin PBXFrameworksBuildPhase section */
		AB8A4A081A22DD6B002E5A59 /* Frameworks */ = {
			isa = PBXFrameworksBuildPhase;
			buildActionMask = 2147483647;
			files = (
				ABD434D21A2D6DF400ED8B26 /* CoreFoundation.framework in Frameworks */,
				ABD434CF1A2D6DA600ED8B26 /* ApplicationServices.framework in Frameworks */,
				ABD434D01A2D6DE800ED8B26 /* Foundation.framework in Frameworks */,
				ABD434D41A2D726A00ED8B26 /* CoreServices.framework in Frameworks */,
			);
			runOnlyForDeploymentPostprocessing = 0;
		};
		ABAB4A2F1A23898A00B1BD18 /* Frameworks */ = {
			isa = PBXFrameworksBuildPhase;
			buildActionMask = 2147483647;
			files = (
				ABD434CB1A2D6D1600ED8B26 /* CoreFoundation.framework in Frameworks */,
				ABD434BF1A2D6AF900ED8B26 /* QuickLook.framework in Frameworks */,
				ABD434C91A2D6CF700ED8B26 /* ApplicationServices.framework in Frameworks */,
				ABD434CA1A2D6CFF00ED8B26 /* Foundation.framework in Frameworks */,
			);
			runOnlyForDeploymentPostprocessing = 0;
		};
/* End PBXFrameworksBuildPhase section */

/* Begin PBXGroup section */
		AB899C8A1A2F4E1000EAB3EA /* Resources */ = {
			isa = PBXGroup;
			children = (
				AB36E9971A2E91A100862ADF /* schema.xml */,
				AB36E99A1A2EBF2500862ADF /* schema.strings */,
			);
			path = Resources;
			sourceTree = "<group>";
		};
		AB8A49DA1A22DBE7002E5A59 = {
			isa = PBXGroup;
			children = (
				ABD434D51A2E3F7000ED8B26 /* app */,
				AB8A4A211A22DEDD002E5A59 /* mdimporter */,
				AB8A4A281A22DF8F002E5A59 /* qlgenerator */,
				ABF5B48B1A2531AC0017F8E9 /* DDS */,
				ABAB4CFF1A238C6000B1BD18 /* External Frameworks and Libraries */,
				AB8A4A0B1A22DD6B002E5A59 /* Products */,
			);
			sourceTree = "<group>";
		};
		AB8A4A0B1A22DD6B002E5A59 /* Products */ = {
			isa = PBXGroup;
			children = (
				AB8A4A0A1A22DD6B002E5A59 /* DDS.mdimporter */,
				ABAB4A311A23898A00B1BD18 /* QLdds.qlgenerator */,
				ABD434DC1A2E406E00ED8B26 /* QLdds.app */,
			);
			name = Products;
			sourceTree = "<group>";
		};
		AB8A4A211A22DEDD002E5A59 /* mdimporter */ = {
			isa = PBXGroup;
			children = (
				AB8A4A221A22DF1D002E5A59 /* GetMetadataForFile.m */,
				AB8A4A241A22DF1D002E5A59 /* main.c */,
				AB8A4A231A22DF1D002E5A59 /* Info.plist */,
				AB899C8A1A2F4E1000EAB3EA /* Resources */,
			);
			path = mdimporter;
			sourceTree = "<group>";
		};
		AB8A4A281A22DF8F002E5A59 /* qlgenerator */ = {
			isa = PBXGroup;
			children = (
				AB8A4A2D1A22DFB6002E5A59 /* GeneratePreviewForURL.m */,
				AB8A4A2E1A22DFB6002E5A59 /* GenerateThumbnailForURL.m */,
				AB8A4A301A22DFB6002E5A59 /* main.c */,
				AB8A4A2F1A22DFB6002E5A59 /* Info.plist */,
			);
			path = qlgenerator;
			sourceTree = "<group>";
		};
		ABAB4CFF1A238C6000B1BD18 /* External Frameworks and Libraries */ = {
			isa = PBXGroup;
			children = (
				AB8A4AD81A22FD09002E5A59 /* ApplicationServices.framework */,
				AB60480E1A2691E900D39FDE /* Foundation.framework */,
				AB8A4A961A22FAED002E5A59 /* CoreFoundation.framework */,
				ABD434D31A2D726A00ED8B26 /* CoreServices.framework */,
				AB8A4AA41A22FBB0002E5A59 /* QuickLook.framework */,
			);
			name = "External Frameworks and Libraries";
			sourceTree = SDKROOT;
		};
		ABD434D51A2E3F7000ED8B26 /* app */ = {
			isa = PBXGroup;
			children = (
				ABD434D71A2E3FED00ED8B26 /* QLdds */,
				ABD434D61A2E3FED00ED8B26 /* Info.plist */,
			);
			path = app;
			sourceTree = "<group>";
		};
		ABF5B48B1A2531AC0017F8E9 /* DDS */ = {
			isa = PBXGroup;
			children = (
				ABF5B48C1A2531E40017F8E9 /* dds.m */,
				ABF5B48D1A2531E40017F8E9 /* dds.h */,
			);
			path = DDS;
			sourceTree = "<group>";
		};
/* End PBXGroup section */

/* Begin PBXNativeTarget section */
		AB8A4A091A22DD6B002E5A59 /* mdimporter */ = {
			isa = PBXNativeTarget;
			buildConfigurationList = AB8A4A0F1A22DD6C002E5A59 /* Build configuration list for PBXNativeTarget "mdimporter" */;
			buildPhases = (
				AB8A4A061A22DD6B002E5A59 /* Resources */,
				AB8A4A071A22DD6B002E5A59 /* Sources */,
				AB8A4A081A22DD6B002E5A59 /* Frameworks */,
			);
			buildRules = (
			);
			dependencies = (
			);
			name = mdimporter;
			productName = mdimporter;
			productReference = AB8A4A0A1A22DD6B002E5A59 /* DDS.mdimporter */;
			productType = "com.apple.product-type.bundle";
		};
		ABAB4A301A23898A00B1BD18 /* qlgenerator */ = {
			isa = PBXNativeTarget;
			buildConfigurationList = ABAB4A361A23898B00B1BD18 /* Build configuration list for PBXNativeTarget "qlgenerator" */;
			buildPhases = (
				ABAB4A2D1A23898A00B1BD18 /* Resources */,
				ABAB4A2E1A23898A00B1BD18 /* Sources */,
				ABAB4A2F1A23898A00B1BD18 /* Frameworks */,
			);
			buildRules = (
			);
			dependencies = (
			);
			name = qlgenerator;
			productName = QLdds;
			productReference = ABAB4A311A23898A00B1BD18 /* QLdds.qlgenerator */;
			productType = "com.apple.product-type.bundle";
		};
		ABD434DB1A2E406E00ED8B26 /* QLdds */ = {
			isa = PBXNativeTarget;
			buildConfigurationList = ABD434F61A2E406F00ED8B26 /* Build configuration list for PBXNativeTarget "QLdds" */;
			buildPhases = (
				ABD435001A2E44AC00ED8B26 /* CopyFiles */,
			);
			buildRules = (
			);
			dependencies = (
				ABD434FD1A2E448A00ED8B26 /* PBXTargetDependency */,
				ABD434FF1A2E448A00ED8B26 /* PBXTargetDependency */,
			);
			name = QLdds;
			productName = QLdds;
			productReference = ABD434DC1A2E406E00ED8B26 /* QLdds.app */;
			productType = "com.apple.product-type.application";
		};
/* End PBXNativeTarget section */

/* Begin PBXProject section */
		AB8A49DC1A22DBE7002E5A59 /* Project object */ = {
			isa = PBXProject;
			attributes = {
				LastUpgradeCheck = 0720;
				TargetAttributes = {
					ABD434DB1A2E406E00ED8B26 = {
						CreatedOnToolsVersion = 6.1;
						DevelopmentTeam = R8954VZGV2;
					};
				};
			};
			buildConfigurationList = AB8A49DF1A22DBE7002E5A59 /* Build configuration list for PBXProject "QLdds" */;
			compatibilityVersion = "Xcode 3.2";
			developmentRegion = English;
			hasScannedForEncodings = 0;
			knownRegions = (
				en,
			);
			mainGroup = AB8A49DA1A22DBE7002E5A59;
			productRefGroup = AB8A4A0B1A22DD6B002E5A59 /* Products */;
			projectDirPath = "";
			projectRoot = "";
			targets = (
				ABD434DB1A2E406E00ED8B26 /* QLdds */,
				AB8A4A091A22DD6B002E5A59 /* mdimporter */,
				ABAB4A301A23898A00B1BD18 /* qlgenerator */,
			);
		};
/* End PBXProject section */

/* Begin PBXResourcesBuildPhase section */
		AB8A4A061A22DD6B002E5A59 /* Resources */ = {
			isa = PBXResourcesBuildPhase;
			buildActionMask = 2147483647;
			files = (
				AB36E9991A2E91BE00862ADF /* schema.xml in Resources */,
				AB36E99C1A2EBF2500862ADF /* schema.strings in Resources */,
			);
			runOnlyForDeploymentPostprocessing = 0;
		};
		ABAB4A2D1A23898A00B1BD18 /* Resources */ = {
			isa = PBXResourcesBuildPhase;
			buildActionMask = 2147483647;
			files = (
			);
			runOnlyForDeploymentPostprocessing = 0;
		};
/* End PBXResourcesBuildPhase section */

/* Begin PBXSourcesBuildPhase section */
		AB8A4A071A22DD6B002E5A59 /* Sources */ = {
			isa = PBXSourcesBuildPhase;
			buildActionMask = 2147483647;
			files = (
				ABF5B48E1A2531E40017F8E9 /* dds.m in Sources */,
				AB8A4A251A22DF1D002E5A59 /* GetMetadataForFile.m in Sources */,
				AB8A4A271A22DF1D002E5A59 /* main.c in Sources */,
			);
			runOnlyForDeploymentPostprocessing = 0;
		};
		ABAB4A2E1A23898A00B1BD18 /* Sources */ = {
			isa = PBXSourcesBuildPhase;
			buildActionMask = 2147483647;
			files = (
				AB2612271A27F0BA0050B3AA /* dds.m in Sources */,
				ABAB4A381A238A7B00B1BD18 /* GenerateThumbnailForURL.m in Sources */,
				ABAB4A3A1A238A8400B1BD18 /* GeneratePreviewForURL.m in Sources */,
				ABAB4A391A238A8000B1BD18 /* main.c in Sources */,
			);
			runOnlyForDeploymentPostprocessing = 0;
		};
/* End PBXSourcesBuildPhase section */

/* Begin PBXTargetDependency section */
		ABD434FD1A2E448A00ED8B26 /* PBXTargetDependency */ = {
			isa = PBXTargetDependency;
			target = AB8A4A091A22DD6B002E5A59 /* mdimporter */;
			targetProxy = ABD434FC1A2E448A00ED8B26 /* PBXContainerItemProxy */;
		};
		ABD434FF1A2E448A00ED8B26 /* PBXTargetDependency */ = {
			isa = PBXTargetDependency;
			target = ABAB4A301A23898A00B1BD18 /* qlgenerator */;
			targetProxy = ABD434FE1A2E448A00ED8B26 /* PBXContainerItemProxy */;
		};
/* End PBXTargetDependency section */

/* Begin PBXVariantGroup section */
		AB36E99A1A2EBF2500862ADF /* schema.strings */ = {
			isa = PBXVariantGroup;
			children = (
				AB36E99B1A2EBF2500862ADF /* en */,
			);
			name = schema.strings;
			sourceTree = "<group>";
		};
/* End PBXVariantGroup section */

/* Begin XCBuildConfiguration section */
		AB8A49DD1A22DBE7002E5A59 /* Debug */ = {
			isa = XCBuildConfiguration;
			buildSettings = {
				CLANG_ENABLE_OBJC_ARC = YES;
				CLANG_WARN_CONSTANT_CONVERSION = YES;
				CLANG_WARN_ENUM_CONVERSION = YES;
				CLANG_WARN_INT_CONVERSION = YES;
				CODE_SIGN_IDENTITY = "Developer ID Application: Jonathan Harris";
				ENABLE_TESTABILITY = YES;
				GCC_C_LANGUAGE_STANDARD = gnu99;
				GCC_ENABLE_PASCAL_STRINGS = NO;
				GCC_FAST_MATH = YES;
				GCC_OPTIMIZATION_LEVEL = 0;
				GCC_PREPROCESSOR_DEFINITIONS = DEBUG;
				GCC_SYMBOLS_PRIVATE_EXTERN = YES;
				HEADER_SEARCH_PATHS = "$(PROJECT_DIR)";
				MACOSX_DEPLOYMENT_TARGET = 10.6;
				ONLY_ACTIVE_ARCH = YES;
				WARNING_CFLAGS = "-Winline";
			};
			name = Debug;
		};
		AB8A49DE1A22DBE7002E5A59 /* Release */ = {
			isa = XCBuildConfiguration;
			buildSettings = {
				CLANG_ENABLE_OBJC_ARC = YES;
				CLANG_WARN_CONSTANT_CONVERSION = YES;
				CLANG_WARN_ENUM_CONVERSION = YES;
				CLANG_WARN_INT_CONVERSION = YES;
				CODE_SIGN_IDENTITY = "Developer ID Application: Jonathan Harris";
				DEBUG_INFORMATION_FORMAT = "dwarf-with-dsym";
				GCC_C_LANGUAGE_STANDARD = gnu99;
				GCC_ENABLE_PASCAL_STRINGS = NO;
				GCC_FAST_MATH = YES;
				GCC_PREPROCESSOR_DEFINITIONS = NDEBUG;
				GCC_SYMBOLS_PRIVATE_EXTERN = YES;
				GCC_UNROLL_LOOPS = YES;
				HEADER_SEARCH_PATHS = "$(PROJECT_DIR)";
				MACOSX_DEPLOYMENT_TARGET = 10.6;
				WARNING_CFLAGS = "-Winline";
			};
			name = Release;
		};
		AB8A4A0D1A22DD6C002E5A59 /* Debug */ = {
			isa = XCBuildConfiguration;
			buildSettings = {
				COMBINE_HIDPI_IMAGES = YES;
				GCC_DYNAMIC_NO_PIC = NO;
				GCC_ENABLE_FIX_AND_CONTINUE = YES;
				GCC_OPTIMIZATION_LEVEL = 0;
				INFOPLIST_FILE = mdimporter/Info.plist;
				INSTALL_PATH = /Library/Spotlight;
				PREBINDING = NO;
				PRODUCT_BUNDLE_IDENTIFIER = uk.org.marginal.qldds.mdimporter;
				PRODUCT_NAME = DDS;
				WRAPPER_EXTENSION = mdimporter;
			};
			name = Debug;
		};
		AB8A4A0E1A22DD6C002E5A59 /* Release */ = {
			isa = XCBuildConfiguration;
			buildSettings = {
				COMBINE_HIDPI_IMAGES = YES;
				GCC_ENABLE_FIX_AND_CONTINUE = NO;
				INFOPLIST_FILE = mdimporter/Info.plist;
				INSTALL_PATH = /Library/Spotlight;
				PREBINDING = NO;
				PRODUCT_BUNDLE_IDENTIFIER = uk.org.marginal.qldds.mdimporter;
				PRODUCT_NAME = DDS;
				WRAPPER_EXTENSION = mdimporter;
				ZERO_LINK = NO;
			};
			name = Release;
		};
		ABAB4A341A23898B00B1BD18 /* Debug */ = {
			isa = XCBuildConfiguration;
			buildSettings = {
				COMBINE_HIDPI_IMAGES = YES;
				GCC_DYNAMIC_NO_PIC = NO;
				GCC_ENABLE_FIX_AND_CONTINUE = YES;
				GCC_OPTIMIZATION_LEVEL = 0;
				INFOPLIST_FILE = qlgenerator/Info.plist;
				INSTALL_PATH = /Library/QuickLook;
				PREBINDING = NO;
				PRODUCT_BUNDLE_IDENTIFIER = uk.org.marginal.qldds.qlgenerator;
				PRODUCT_NAME = QLdds;
				WRAPPER_EXTENSION = qlgenerator;
			};
			name = Debug;
		};
		ABAB4A351A23898B00B1BD18 /* Release */ = {
			isa = XCBuildConfiguration;
			buildSettings = {
				COMBINE_HIDPI_IMAGES = YES;
				GCC_ENABLE_FIX_AND_CONTINUE = NO;
				INFOPLIST_FILE = qlgenerator/Info.plist;
				INSTALL_PATH = /Library/QuickLook;
				PREBINDING = NO;
				PRODUCT_BUNDLE_IDENTIFIER = uk.org.marginal.qldds.qlgenerator;
				PRODUCT_NAME = QLdds;
				WRAPPER_EXTENSION = qlgenerator;
				ZERO_LINK = NO;
			};
			name = Release;
		};
		ABD434F71A2E406F00ED8B26 /* Debug */ = {
			isa = XCBuildConfiguration;
			buildSettings = {
				COMBINE_HIDPI_IMAGES = YES;
				INFOPLIST_FILE = app/Info.plist;
				PRODUCT_BUNDLE_IDENTIFIER = uk.org.marginal.qldds;
				PRODUCT_NAME = "$(TARGET_NAME)";
			};
			name = Debug;
		};
		ABD434F81A2E406F00ED8B26 /* Release */ = {
			isa = XCBuildConfiguration;
			buildSettings = {
				COMBINE_HIDPI_IMAGES = YES;
				INFOPLIST_FILE = app/Info.plist;
				PRODUCT_BUNDLE_IDENTIFIER = uk.org.marginal.qldds;
				PRODUCT_NAME = "$(TARGET_NAME)";
			};
			name = Release;
		};
/* End XCBuildConfiguration section */

/* Begin XCConfigurationList section */
		AB8A49DF1A22DBE7002E5A59 /* Build configuration list for PBXProject "QLdds" */ = {
			isa = XCConfigurationList;
			buildConfigurations = (
				AB8A49DD1A22DBE7002E5A59 /* Debug */,
				AB8A49DE1A22DBE7002E5A59 /* Release */,
			);
			defaultConfigurationIsVisible = 0;
			defaultConfigurationName = Release;
		};
		AB8A4A0F1A22DD6C002E5A59 /* Build configuration list for PBXNativeTarget "mdimporter" */ = {
			isa = XCConfigurationList;
			buildConfigurations = (
				AB8A4A0D1A22DD6C002E5A59 /* Debug */,
				AB8A4A0E1A22DD6C002E5A59 /* Release */,
			);
			defaultConfigurationIsVisible = 0;
			defaultConfigurationName = Release;
		};
		ABAB4A361A23898B00B1BD18 /* Build configuration list for PBXNativeTarget "qlgenerator" */ = {
			isa = XCConfigurationList;
			buildConfigurations = (
				ABAB4A341A23898B00B1BD18 /* Debug */,
				ABAB4A351A23898B00B1BD18 /* Release */,
			);
			defaultConfigurationIsVisible = 0;
			defaultConfigurationName = Release;
		};
		ABD434F61A2E406F00ED8B26 /* Build configuration list for PBXNativeTarget "QLdds" */ = {
			isa = XCConfigurationList;
			buildConfigurations = (
				ABD434F71A2E406F00ED8B26 /* Debug */,
				ABD434F81A2E406F00ED8B26 /* Release */,
			);
			defaultConfigurationIsVisible = 0;
			defaultConfigurationName = Release;
		};
/* End XCConfigurationList section */
	};
	rootObject = AB8A49DC1A22DBE7002E5A59 /* Project object */;
}
